
Microsoft Visual Studio Solution File, Format Version 12.00
Project("{FAE04EC0-301F-11D3-BF4B-00C04F79EFBC}") = "evtapsiriqispacial", "evtapsiriqispacial\evtapsiriqispacial.csproj", "{166E215A-7EBA-4067-AFD0-CD97A17D464E}"
EndProject
Global
	GlobalSection(SolutionConfigurationPlatforms) = preSolution
		Debug|Any CPU = Debug|Any CPU
		Release|Any CPU = Release|Any CPU
	EndGlobalSection
	GlobalSection(ProjectConfigurationPlatforms) = postSolution
		{166E215A-7EBA-4067-AFD0-CD97A17D464E}.Debug|Any CPU.ActiveCfg = Debug|Any CPU
		{166E215A-7EBA-4067-AFD0-CD97A17D464E}.Debug|Any CPU.Build.0 = Debug|Any CPU
		{166E215A-7EBA-4067-AFD0-CD97A17D464E}.Release|Any CPU.ActiveCfg = Release|Any CPU
		{166E215A-7EBA-4067-AFD0-CD97A17D464E}.Release|Any CPU.Build.0 = Release|Any CPU
	EndGlobalSection
EndGlobal
